// !$*UTF8*$!
{
	archiveVersion = 1;
	classes = {
	};
	objectVersion = 46;
	objects = {

/* Begin PBXBuildFile section */
		0A2C20531C66A91E00F345EE /* LaunchScreen.storyboard in Resources */ = {isa = PBXBuildFile; fileRef = 0A2C20511C66A91E00F345EE /* LaunchScreen.storyboard */; };
		0A2C20591C6A70B100F345EE /* TableViewController.swift in Sources */ = {isa = PBXBuildFile; fileRef = 0A2C20581C6A70B100F345EE /* TableViewController.swift */; };
		0A2C205B1C6A7DC200F345EE /* NewsForecastItem.swift in Sources */ = {isa = PBXBuildFile; fileRef = 0A2C205A1C6A7DC200F345EE /* NewsForecastItem.swift */; };
		0A2C205D1C6A807400F345EE /* NewsItemForecast.swift in Sources */ = {isa = PBXBuildFile; fileRef = 0A2C205C1C6A807400F345EE /* NewsItemForecast.swift */; };
		0AEAC5391C45A6AC00B6D454 /* AppDelegate.swift in Sources */ = {isa = PBXBuildFile; fileRef = 0AEAC5381C45A6AC00B6D454 /* AppDelegate.swift */; };
		0AEAC53E1C45A6AC00B6D454 /* Main.storyboard in Resources */ = {isa = PBXBuildFile; fileRef = 0AEAC53C1C45A6AC00B6D454 /* Main.storyboard */; };
		0AEAC5401C45A6AC00B6D454 /* Assets.xcassets in Resources */ = {isa = PBXBuildFile; fileRef = 0AEAC53F1C45A6AC00B6D454 /* Assets.xcassets */; };
		0AEAC54E1C45A6AC00B6D454 /* radim_langer_weatherAppTests.swift in Sources */ = {isa = PBXBuildFile; fileRef = 0AEAC54D1C45A6AC00B6D454 /* radim_langer_weatherAppTests.swift */; };
		0AEAC5591C45A6AC00B6D454 /* radim_langer_weatherAppUITests.swift in Sources */ = {isa = PBXBuildFile; fileRef = 0AEAC5581C45A6AC00B6D454 /* radim_langer_weatherAppUITests.swift */; };
/* End PBXBuildFile section */

/* Begin PBXContainerItemProxy section */
		0AEAC54A1C45A6AC00B6D454 /* PBXContainerItemProxy */ = {
			isa = PBXContainerItemProxy;
			containerPortal = 0AEAC52D1C45A6AC00B6D454 /* Project object */;
			proxyType = 1;
			remoteGlobalIDString = 0AEAC5341C45A6AC00B6D454;
			remoteInfo = radim.langer.weatherApp;
		};
		0AEAC5551C45A6AC00B6D454 /* PBXContainerItemProxy */ = {
			isa = PBXContainerItemProxy;
			containerPortal = 0AEAC52D1C45A6AC00B6D454 /* Project object */;
			proxyType = 1;
			remoteGlobalIDString = 0AEAC5341C45A6AC00B6D454;
			remoteInfo = radim.langer.weatherApp;
		};
/* End PBXContainerItemProxy section */

/* Begin PBXFileReference section */
		0A2C20521C66A91E00F345EE /* Base */ = {isa = PBXFileReference; lastKnownFileType = file.storyboard; name = Base; path = Base.lproj/LaunchScreen.storyboard; sourceTree = "<group>"; };
		0A2C20581C6A70B100F345EE /* TableViewController.swift */ = {isa = PBXFileReference; fileEncoding = 4; lastKnownFileType = sourcecode.swift; path = TableViewController.swift; sourceTree = "<group>"; };
		0A2C205A1C6A7DC200F345EE /* NewsForecastItem.swift */ = {isa = PBXFileReference; fileEncoding = 4; lastKnownFileType = sourcecode.swift; path = NewsForecastItem.swift; sourceTree = "<group>"; };
		0A2C205C1C6A807400F345EE /* NewsItemForecast.swift */ = {isa = PBXFileReference; fileEncoding = 4; lastKnownFileType = sourcecode.swift; path = NewsItemForecast.swift; sourceTree = "<group>"; };
		0AEAC5351C45A6AC00B6D454 /* radim.langer.weatherApp.app */ = {isa = PBXFileReference; explicitFileType = wrapper.application; includeInIndex = 0; path = radim.langer.weatherApp.app; sourceTree = BUILT_PRODUCTS_DIR; };
		0AEAC5381C45A6AC00B6D454 /* AppDelegate.swift */ = {isa = PBXFileReference; lastKnownFileType = sourcecode.swift; path = AppDelegate.swift; sourceTree = "<group>"; };
		0AEAC53D1C45A6AC00B6D454 /* Base */ = {isa = PBXFileReference; lastKnownFileType = file.storyboard; name = Base; path = Base.lproj/Main.storyboard; sourceTree = "<group>"; };
		0AEAC53F1C45A6AC00B6D454 /* Assets.xcassets */ = {isa = PBXFileReference; lastKnownFileType = folder.assetcatalog; path = Assets.xcassets; sourceTree = "<group>"; };
		0AEAC5441C45A6AC00B6D454 /* Info.plist */ = {isa = PBXFileReference; lastKnownFileType = text.plist.xml; path = Info.plist; sourceTree = "<group>"; };
		0AEAC5491C45A6AC00B6D454 /* radim.langer.weatherAppTests.xctest */ = {isa = PBXFileReference; explicitFileType = wrapper.cfbundle; includeInIndex = 0; path = radim.langer.weatherAppTests.xctest; sourceTree = BUILT_PRODUCTS_DIR; };
		0AEAC54D1C45A6AC00B6D454 /* radim_langer_weatherAppTests.swift */ = {isa = PBXFileReference; lastKnownFileType = sourcecode.swift; path = radim_langer_weatherAppTests.swift; sourceTree = "<group>"; };
		0AEAC54F1C45A6AC00B6D454 /* Info.plist */ = {isa = PBXFileReference; lastKnownFileType = text.plist.xml; path = Info.plist; sourceTree = "<group>"; };
		0AEAC5541C45A6AC00B6D454 /* radim.langer.weatherAppUITests.xctest */ = {isa = PBXFileReference; explicitFileType = wrapper.cfbundle; includeInIndex = 0; path = radim.langer.weatherAppUITests.xctest; sourceTree = BUILT_PRODUCTS_DIR; };
		0AEAC5581C45A6AC00B6D454 /* radim_langer_weatherAppUITests.swift */ = {isa = PBXFileReference; lastKnownFileType = sourcecode.swift; path = radim_langer_weatherAppUITests.swift; sourceTree = "<group>"; };
		0AEAC55A1C45A6AC00B6D454 /* Info.plist */ = {isa = PBXFileReference; lastKnownFileType = text.plist.xml; path = Info.plist; sourceTree = "<group>"; };
/* End PBXFileReference section */

/* Begin PBXFrameworksBuildPhase section */
		0AEAC5321C45A6AC00B6D454 /* Frameworks */ = {
			isa = PBXFrameworksBuildPhase;
			buildActionMask = 2147483647;
			files = (
			);
			runOnlyForDeploymentPostprocessing = 0;
		};
		0AEAC5461C45A6AC00B6D454 /* Frameworks */ = {
			isa = PBXFrameworksBuildPhase;
			buildActionMask = 2147483647;
			files = (
			);
			runOnlyForDeploymentPostprocessing = 0;
		};
		0AEAC5511C45A6AC00B6D454 /* Frameworks */ = {
			isa = PBXFrameworksBuildPhase;
			buildActionMask = 2147483647;
			files = (
			);
			runOnlyForDeploymentPostprocessing = 0;
		};
/* End PBXFrameworksBuildPhase section */

/* Begin PBXGroup section */
		0AEAC52C1C45A6AC00B6D454 = {
			isa = PBXGroup;
			children = (
				0AEAC5371C45A6AC00B6D454 /* radim.langer.weatherApp */,
				0AEAC54C1C45A6AC00B6D454 /* radim.langer.weatherAppTests */,
				0AEAC5571C45A6AC00B6D454 /* radim.langer.weatherAppUITests */,
				0AEAC5361C45A6AC00B6D454 /* Products */,
			);
			sourceTree = "<group>";
		};
		0AEAC5361C45A6AC00B6D454 /* Products */ = {
			isa = PBXGroup;
			children = (
				0AEAC5351C45A6AC00B6D454 /* radim.langer.weatherApp.app */,
				0AEAC5491C45A6AC00B6D454 /* radim.langer.weatherAppTests.xctest */,
				0AEAC5541C45A6AC00B6D454 /* radim.langer.weatherAppUITests.xctest */,
			);
			name = Products;
			sourceTree = "<group>";
		};
		0AEAC5371C45A6AC00B6D454 /* radim.langer.weatherApp */ = {
			isa = PBXGroup;
			children = (
				0AEAC5381C45A6AC00B6D454 /* AppDelegate.swift */,
				0A2C20581C6A70B100F345EE /* TableViewController.swift */,
				0A2C205C1C6A807400F345EE /* NewsItemForecast.swift */,
				0A2C205A1C6A7DC200F345EE /* NewsForecastItem.swift */,
				0AEAC53C1C45A6AC00B6D454 /* Main.storyboard */,
				0A2C20511C66A91E00F345EE /* LaunchScreen.storyboard */,
				0AEAC53F1C45A6AC00B6D454 /* Assets.xcassets */,
				0AEAC5441C45A6AC00B6D454 /* Info.plist */,
			);
			path = radim.langer.weatherApp;
			sourceTree = "<group>";
		};
		0AEAC54C1C45A6AC00B6D454 /* radim.langer.weatherAppTests */ = {
			isa = PBXGroup;
			children = (
				0AEAC54D1C45A6AC00B6D454 /* radim_langer_weatherAppTests.swift */,
				0AEAC54F1C45A6AC00B6D454 /* Info.plist */,
			);
			path = radim.langer.weatherAppTests;
			sourceTree = "<group>";
		};
		0AEAC5571C45A6AC00B6D454 /* radim.langer.weatherAppUITests */ = {
			isa = PBXGroup;
			children = (
				0AEAC5581C45A6AC00B6D454 /* radim_langer_weatherAppUITests.swift */,
				0AEAC55A1C45A6AC00B6D454 /* Info.plist */,
			);
			path = radim.langer.weatherAppUITests;
			sourceTree = "<group>";
		};
/* End PBXGroup section */

/* Begin PBXNativeTarget section */
		0AEAC5341C45A6AC00B6D454 /* radim.langer.weatherApp */ = {
			isa = PBXNativeTarget;
			buildConfigurationList = 0AEAC55D1C45A6AC00B6D454 /* Build configuration list for PBXNativeTarget "radim.langer.weatherApp" */;
			buildPhases = (
				0AEAC5311C45A6AC00B6D454 /* Sources */,
				0AEAC5321C45A6AC00B6D454 /* Frameworks */,
				0AEAC5331C45A6AC00B6D454 /* Resources */,
			);
			buildRules = (
			);
			dependencies = (
			);
			name = radim.langer.weatherApp;
			productName = radim.langer.weatherApp;
			productReference = 0AEAC5351C45A6AC00B6D454 /* radim.langer.weatherApp.app */;
			productType = "com.apple.product-type.application";
		};
		0AEAC5481C45A6AC00B6D454 /* radim.langer.weatherAppTests */ = {
			isa = PBXNativeTarget;
			buildConfigurationList = 0AEAC5601C45A6AC00B6D454 /* Build configuration list for PBXNativeTarget "radim.langer.weatherAppTests" */;
			buildPhases = (
				0AEAC5451C45A6AC00B6D454 /* Sources */,
				0AEAC5461C45A6AC00B6D454 /* Frameworks */,
				0AEAC5471C45A6AC00B6D454 /* Resources */,
			);
			buildRules = (
			);
			dependencies = (
				0AEAC54B1C45A6AC00B6D454 /* PBXTargetDependency */,
			);
			name = radim.langer.weatherAppTests;
			productName = radim.langer.weatherAppTests;
			productReference = 0AEAC5491C45A6AC00B6D454 /* radim.langer.weatherAppTests.xctest */;
			productType = "com.apple.product-type.bundle.unit-test";
		};
		0AEAC5531C45A6AC00B6D454 /* radim.langer.weatherAppUITests */ = {
			isa = PBXNativeTarget;
			buildConfigurationList = 0AEAC5631C45A6AC00B6D454 /* Build configuration list for PBXNativeTarget "radim.langer.weatherAppUITests" */;
			buildPhases = (
				0AEAC5501C45A6AC00B6D454 /* Sources */,
				0AEAC5511C45A6AC00B6D454 /* Frameworks */,
				0AEAC5521C45A6AC00B6D454 /* Resources */,
			);
			buildRules = (
			);
			dependencies = (
				0AEAC5561C45A6AC00B6D454 /* PBXTargetDependency */,
			);
			name = radim.langer.weatherAppUITests;
			productName = radim.langer.weatherAppUITests;
			productReference = 0AEAC5541C45A6AC00B6D454 /* radim.langer.weatherAppUITests.xctest */;
			productType = "com.apple.product-type.bundle.ui-testing";
		};
/* End PBXNativeTarget section */

/* Begin PBXProject section */
		0AEAC52D1C45A6AC00B6D454 /* Project object */ = {
			isa = PBXProject;
			attributes = {
				LastSwiftUpdateCheck = 0720;
				LastUpgradeCheck = 0720;
				ORGANIZATIONNAME = "Radim Langer";
				TargetAttributes = {
					0AEAC5341C45A6AC00B6D454 = {
						CreatedOnToolsVersion = 7.2;
						DevelopmentTeam = XAPRAVT2VF;
					};
					0AEAC5481C45A6AC00B6D454 = {
						CreatedOnToolsVersion = 7.2;
						TestTargetID = 0AEAC5341C45A6AC00B6D454;
					};
					0AEAC5531C45A6AC00B6D454 = {
						CreatedOnToolsVersion = 7.2;
						TestTargetID = 0AEAC5341C45A6AC00B6D454;
					};
				};
			};
			buildConfigurationList = 0AEAC5301C45A6AC00B6D454 /* Build configuration list for PBXProject "radim.langer.weatherApp" */;
			compatibilityVersion = "Xcode 3.2";
			developmentRegion = English;
			hasScannedForEncodings = 0;
			knownRegions = (
				en,
				Base,
			);
			mainGroup = 0AEAC52C1C45A6AC00B6D454;
			productRefGroup = 0AEAC5361C45A6AC00B6D454 /* Products */;
			projectDirPath = "";
			projectRoot = "";
			targets = (
				0AEAC5341C45A6AC00B6D454 /* radim.langer.weatherApp */,
				0AEAC5481C45A6AC00B6D454 /* radim.langer.weatherAppTests */,
				0AEAC5531C45A6AC00B6D454 /* radim.langer.weatherAppUITests */,
			);
		};
/* End PBXProject section */

/* Begin PBXResourcesBuildPhase section */
		0AEAC5331C45A6AC00B6D454 /* Resources */ = {
			isa = PBXResourcesBuildPhase;
			buildActionMask = 2147483647;
			files = (
				0AEAC5401C45A6AC00B6D454 /* Assets.xcassets in Resources */,
				0A2C20531C66A91E00F345EE /* LaunchScreen.storyboard in Resources */,
				0AEAC53E1C45A6AC00B6D454 /* Main.storyboard in Resources */,
			);
			runOnlyForDeploymentPostprocessing = 0;
		};
		0AEAC5471C45A6AC00B6D454 /* Resources */ = {
			isa = PBXResourcesBuildPhase;
			buildActionMask = 2147483647;
			files = (
			);
			runOnlyForDeploymentPostprocessing = 0;
		};
		0AEAC5521C45A6AC00B6D454 /* Resources */ = {
			isa = PBXResourcesBuildPhase;
			buildActionMask = 2147483647;
			files = (
			);
			runOnlyForDeploymentPostprocessing = 0;
		};
/* End PBXResourcesBuildPhase section */

/* Begin PBXSourcesBuildPhase section */
		0AEAC5311C45A6AC00B6D454 /* Sources */ = {
			isa = PBXSourcesBuildPhase;
			buildActionMask = 2147483647;
			files = (
				0A2C205B1C6A7DC200F345EE /* NewsForecastItem.swift in Sources */,
				0A2C205D1C6A807400F345EE /* NewsItemForecast.swift in Sources */,
				0A2C20591C6A70B100F345EE /* TableViewController.swift in Sources */,
				0AEAC5391C45A6AC00B6D454 /* AppDelegate.swift in Sources */,
			);
			runOnlyForDeploymentPostprocessing = 0;
		};
		0AEAC5451C45A6AC00B6D454 /* Sources */ = {
			isa = PBXSourcesBuildPhase;
			buildActionMask = 2147483647;
			files = (
				0AEAC54E1C45A6AC00B6D454 /* radim_langer_weatherAppTests.swift in Sources */,
			);
			runOnlyForDeploymentPostprocessing = 0;
		};
		0AEAC5501C45A6AC00B6D454 /* Sources */ = {
			isa = PBXSourcesBuildPhase;
			buildActionMask = 2147483647;
			files = (
				0AEAC5591C45A6AC00B6D454 /* radim_langer_weatherAppUITests.swift in Sources */,
			);
			runOnlyForDeploymentPostprocessing = 0;
		};
/* End PBXSourcesBuildPhase section */

/* Begin PBXTargetDependency section */
		0AEAC54B1C45A6AC00B6D454 /* PBXTargetDependency */ = {
			isa = PBXTargetDependency;
			target = 0AEAC5341C45A6AC00B6D454 /* radim.langer.weatherApp */;
			targetProxy = 0AEAC54A1C45A6AC00B6D454 /* PBXContainerItemProxy */;
		};
		0AEAC5561C45A6AC00B6D454 /* PBXTargetDependency */ = {
			isa = PBXTargetDependency;
			target = 0AEAC5341C45A6AC00B6D454 /* radim.langer.weatherApp */;
			targetProxy = 0AEAC5551C45A6AC00B6D454 /* PBXContainerItemProxy */;
		};
/* End PBXTargetDependency section */

/* Begin PBXVariantGroup section */
		0A2C20511C66A91E00F345EE /* LaunchScreen.storyboard */ = {
			isa = PBXVariantGroup;
			children = (
				0A2C20521C66A91E00F345EE /* Base */,
			);
			name = LaunchScreen.storyboard;
			sourceTree = "<group>";
		};
		0AEAC53C1C45A6AC00B6D454 /* Main.storyboard */ = {
			isa = PBXVariantGroup;
			children = (
				0AEAC53D1C45A6AC00B6D454 /* Base */,
			);
			name = Main.storyboard;
			sourceTree = "<group>";
		};
/* End PBXVariantGroup section */

/* Begin XCBuildConfiguration section */
		0AEAC55B1C45A6AC00B6D454 /* Debug */ = {
			isa = XCBuildConfiguration;
			buildSettings = {
				ALWAYS_SEARCH_USER_PATHS = NO;
				CLANG_CXX_LANGUAGE_STANDARD = "gnu++0x";
				CLANG_CXX_LIBRARY = "libc++";
				CLANG_ENABLE_MODULES = YES;
				CLANG_ENABLE_OBJC_ARC = YES;
				CLANG_WARN_BOOL_CONVERSION = YES;
				CLANG_WARN_CONSTANT_CONVERSION = YES;
				CLANG_WARN_DIRECT_OBJC_ISA_USAGE = YES_ERROR;
				CLANG_WARN_EMPTY_BODY = YES;
				CLANG_WARN_ENUM_CONVERSION = YES;
				CLANG_WARN_INT_CONVERSION = YES;
				CLANG_WARN_OBJC_ROOT_CLASS = YES_ERROR;
				CLANG_WARN_UNREACHABLE_CODE = YES;
				CLANG_WARN__DUPLICATE_METHOD_MATCH = YES;
				"CODE_SIGN_IDENTITY[sdk=iphoneos*]" = "iPhone Developer";
				COPY_PHASE_STRIP = NO;
				DEBUG_INFORMATION_FORMAT = dwarf;
				ENABLE_STRICT_OBJC_MSGSEND = YES;
				ENABLE_TESTABILITY = YES;
				GCC_C_LANGUAGE_STANDARD = gnu99;
				GCC_DYNAMIC_NO_PIC = NO;
				GCC_NO_COMMON_BLOCKS = YES;
				GCC_OPTIMIZATION_LEVEL = 0;
				GCC_PREPROCESSOR_DEFINITIONS = (
					"DEBUG=1",
					"$(inherited)",
				);
				GCC_WARN_64_TO_32_BIT_CONVERSION = YES;
				GCC_WARN_ABOUT_RETURN_TYPE = YES_ERROR;
				GCC_WARN_UNDECLARED_SELECTOR = YES;
				GCC_WARN_UNINITIALIZED_AUTOS = YES_AGGRESSIVE;
				GCC_WARN_UNUSED_FUNCTION = YES;
				GCC_WARN_UNUSED_VARIABLE = YES;
				IPHONEOS_DEPLOYMENT_TARGET = 9.2;
				MTL_ENABLE_DEBUG_INFO = YES;
				ONLY_ACTIVE_ARCH = YES;
				SDKROOT = iphoneos;
				SWIFT_OPTIMIZATION_LEVEL = "-Onone";
				TARGETED_DEVICE_FAMILY = "1,2";
			};
			name = Debug;
		};
		0AEAC55C1C45A6AC00B6D454 /* Release */ = {
			isa = XCBuildConfiguration;
			buildSettings = {
				ALWAYS_SEARCH_USER_PATHS = NO;
				CLANG_CXX_LANGUAGE_STANDARD = "gnu++0x";
				CLANG_CXX_LIBRARY = "libc++";
				CLANG_ENABLE_MODULES = YES;
				CLANG_ENABLE_OBJC_ARC = YES;
				CLANG_WARN_BOOL_CONVERSION = YES;
				CLANG_WARN_CONSTANT_CONVERSION = YES;
				CLANG_WARN_DIRECT_OBJC_ISA_USAGE = YES_ERROR;
				CLANG_WARN_EMPTY_BODY = YES;
				CLANG_WARN_ENUM_CONVERSION = YES;
				CLANG_WARN_INT_CONVERSION = YES;
				CLANG_WARN_OBJC_ROOT_CLASS = YES_ERROR;
				CLANG_WARN_UNREACHABLE_CODE = YES;
				CLANG_WARN__DUPLICATE_METHOD_MATCH = YES;
				"CODE_SIGN_IDENTITY[sdk=iphoneos*]" = "iPhone Developer";
				COPY_PHASE_STRIP = NO;
				DEBUG_INFORMATION_FORMAT = "dwarf-with-dsym";
				ENABLE_NS_ASSERTIONS = NO;
				ENABLE_STRICT_OBJC_MSGSEND = YES;
				GCC_C_LANGUAGE_STANDARD = gnu99;
				GCC_NO_COMMON_BLOCKS = YES;
				GCC_WARN_64_TO_32_BIT_CONVERSION = YES;
				GCC_WARN_ABOUT_RETURN_TYPE = YES_ERROR;
				GCC_WARN_UNDECLARED_SELECTOR = YES;
				GCC_WARN_UNINITIALIZED_AUTOS = YES_AGGRESSIVE;
				GCC_WARN_UNUSED_FUNCTION = YES;
				GCC_WARN_UNUSED_VARIABLE = YES;
				IPHONEOS_DEPLOYMENT_TARGET = 9.2;
				MTL_ENABLE_DEBUG_INFO = NO;
				SDKROOT = iphoneos;
				TARGETED_DEVICE_FAMILY = "1,2";
				VALIDATE_PRODUCT = YES;
			};
			name = Release;
		};
		0AEAC55E1C45A6AC00B6D454 /* Debug */ = {
			isa = XCBuildConfiguration;
			buildSettings = {
				ASSETCATALOG_COMPILER_APPICON_NAME = AppIcon;
				CODE_SIGN_IDENTITY = "iPhone Developer";
				"CODE_SIGN_IDENTITY[sdk=iphoneos*]" = "iPhone Developer";
				INFOPLIST_FILE = radim.langer.weatherApp/Info.plist;
				LD_RUNPATH_SEARCH_PATHS = "$(inherited) @executable_path/Frameworks";
				PRODUCT_BUNDLE_IDENTIFIER = "com..radim-langer-weatherApp";
				PRODUCT_NAME = "$(TARGET_NAME)";
				PROVISIONING_PROFILE = "";
			};
			name = Debug;
		};
		0AEAC55F1C45A6AC00B6D454 /* Release */ = {
			isa = XCBuildConfiguration;
			buildSettings = {
				ASSETCATALOG_COMPILER_APPICON_NAME = AppIcon;
				CODE_SIGN_IDENTITY = "iPhone Developer";
				"CODE_SIGN_IDENTITY[sdk=iphoneos*]" = "iPhone Developer";
				INFOPLIST_FILE = radim.langer.weatherApp/Info.plist;
				LD_RUNPATH_SEARCH_PATHS = "$(inherited) @executable_path/Frameworks";
				PRODUCT_BUNDLE_IDENTIFIER = "com..radim-langer-weatherApp";
				PRODUCT_NAME = "$(TARGET_NAME)";
				PROVISIONING_PROFILE = "";
			};
			name = Release;
		};
		0AEAC5611C45A6AC00B6D454 /* Debug */ = {
			isa = XCBuildConfiguration;
			buildSettings = {
				BUNDLE_LOADER = "$(TEST_HOST)";
				INFOPLIST_FILE = radim.langer.weatherAppTests/Info.plist;
				LD_RUNPATH_SEARCH_PATHS = "$(inherited) @executable_path/Frameworks @loader_path/Frameworks";
				PRODUCT_BUNDLE_IDENTIFIER = "com..radim-langer-weatherAppTests";
				PRODUCT_NAME = "$(TARGET_NAME)";
				TEST_HOST = "$(BUILT_PRODUCTS_DIR)/radim.langer.weatherApp.app/radim.langer.weatherApp";
			};
			name = Debug;
		};
		0AEAC5621C45A6AC00B6D454 /* Release */ = {
			isa = XCBuildConfiguration;
			buildSettings = {
				BUNDLE_LOADER = "$(TEST_HOST)";
				INFOPLIST_FILE = radim.langer.weatherAppTests/Info.plist;
				LD_RUNPATH_SEARCH_PATHS = "$(inherited) @executable_path/Frameworks @loader_path/Frameworks";
				PRODUCT_BUNDLE_IDENTIFIER = "com..radim-langer-weatherAppTests";
				PRODUCT_NAME = "$(TARGET_NAME)";
				TEST_HOST = "$(BUILT_PRODUCTS_DIR)/radim.langer.weatherApp.app/radim.langer.weatherApp";
			};
			name = Release;
		};
		0AEAC5641C45A6AC00B6D454 /* Debug */ = {
			isa = XCBuildConfiguration;
			buildSettings = {
				INFOPLIST_FILE = radim.langer.weatherAppUITests/Info.plist;
				LD_RUNPATH_SEARCH_PATHS = "$(inherited) @executable_path/Frameworks @loader_path/Frameworks";
				PRODUCT_BUNDLE_IDENTIFIER = "com..radim-langer-weatherAppUITests";
				PRODUCT_NAME = "$(TARGET_NAME)";
				TEST_TARGET_NAME = radim.langer.weatherApp;
				USES_XCTRUNNER = YES;
			};
			name = Debug;
		};
		0AEAC5651C45A6AC00B6D454 /* Release */ = {
			isa = XCBuildConfiguration;
			buildSettings = {
				INFOPLIST_FILE = radim.langer.weatherAppUITests/Info.plist;
				LD_RUNPATH_SEARCH_PATHS = "$(inherited) @executable_path/Frameworks @loader_path/Frameworks";
				PRODUCT_BUNDLE_IDENTIFIER = "com..radim-langer-weatherAppUITests";
				PRODUCT_NAME = "$(TARGET_NAME)";
				TEST_TARGET_NAME = radim.langer.weatherApp;
				USES_XCTRUNNER = YES;
			};
			name = Release;
		};
/* End XCBuildConfiguration section */

/* Begin XCConfigurationList section */
		0AEAC5301C45A6AC00B6D454 /* Build configuration list for PBXProject "radim.langer.weatherApp" */ = {
			isa = XCConfigurationList;
			buildConfigurations = (
				0AEAC55B1C45A6AC00B6D454 /* Debug */,
				0AEAC55C1C45A6AC00B6D454 /* Release */,
			);
			defaultConfigurationIsVisible = 0;
			defaultConfigurationName = Release;
		};
		0AEAC55D1C45A6AC00B6D454 /* Build configuration list for PBXNativeTarget "radim.langer.weatherApp" */ = {
			isa = XCConfigurationList;
			buildConfigurations = (
				0AEAC55E1C45A6AC00B6D454 /* Debug */,
				0AEAC55F1C45A6AC00B6D454 /* Release */,
			);
			defaultConfigurationIsVisible = 0;
			defaultConfigurationName = Release;
		};
		0AEAC5601C45A6AC00B6D454 /* Build configuration list for PBXNativeTarget "radim.langer.weatherAppTests" */ = {
			isa = XCConfigurationList;
			buildConfigurations = (
				0AEAC5611C45A6AC00B6D454 /* Debug */,
				0AEAC5621C45A6AC00B6D454 /* Release */,
			);
			defaultConfigurationIsVisible = 0;
			defaultConfigurationName = Release;
		};
		0AEAC5631C45A6AC00B6D454 /* Build configuration list for PBXNativeTarget "radim.langer.weatherAppUITests" */ = {
			isa = XCConfigurationList;
			buildConfigurations = (
				0AEAC5641C45A6AC00B6D454 /* Debug */,
				0AEAC5651C45A6AC00B6D454 /* Release */,
			);
			defaultConfigurationIsVisible = 0;
			defaultConfigurationName = Release;
		};
/* End XCConfigurationList section */
	};
	rootObject = 0AEAC52D1C45A6AC00B6D454 /* Project object */;
}
